// !$*UTF8*$!
{
	archiveVersion = 1;
	classes = {
	};
	objectVersion = 56;
	objects = {

/* Begin PBXBuildFile section */
		8490EF462C11F9CE00E6C8E6 /* Extensions.swift in Sources */ = {isa = PBXBuildFile; fileRef = 8490EF452C11F9CD00E6C8E6 /* Extensions.swift */; };
		8490EF502C11F9F200E6C8E6 /* Assets.xcassets in Resources */ = {isa = PBXBuildFile; fileRef = 8490EF4F2C11F9F100E6C8E6 /* Assets.xcassets */; };
		8490EF542C12048D00E6C8E6 /* ContentView.swift in Sources */ = {isa = PBXBuildFile; fileRef = 8490EF532C12048D00E6C8E6 /* ContentView.swift */; };
		8490EF562C12049200E6C8E6 /* ElderlyView.swift in Sources */ = {isa = PBXBuildFile; fileRef = 8490EF552C12049200E6C8E6 /* ElderlyView.swift */; };
		8490EF582C12049700E6C8E6 /* LoadingView.swift in Sources */ = {isa = PBXBuildFile; fileRef = 8490EF572C12049700E6C8E6 /* LoadingView.swift */; };
		8490EF5A2C12049E00E6C8E6 /* WeatherView.swift in Sources */ = {isa = PBXBuildFile; fileRef = 8490EF592C12049E00E6C8E6 /* WeatherView.swift */; };
		8490EF5C2C1204A400E6C8E6 /* WelcomeView.swift in Sources */ = {isa = PBXBuildFile; fileRef = 8490EF5B2C1204A400E6C8E6 /* WelcomeView.swift */; };
		8490EF5E2C1204CC00E6C8E6 /* WeatherElderlyRow.swift in Sources */ = {isa = PBXBuildFile; fileRef = 8490EF5D2C1204CC00E6C8E6 /* WeatherElderlyRow.swift */; };
		8490EF602C1204D200E6C8E6 /* WeatherRow.swift in Sources */ = {isa = PBXBuildFile; fileRef = 8490EF5F2C1204D200E6C8E6 /* WeatherRow.swift */; };
		8490EF622C1204DF00E6C8E6 /* ModelData.swift in Sources */ = {isa = PBXBuildFile; fileRef = 8490EF612C1204DF00E6C8E6 /* ModelData.swift */; };
		8490EF642C1204E500E6C8E6 /* Preview Assets.xcassets in Resources */ = {isa = PBXBuildFile; fileRef = 8490EF632C1204E500E6C8E6 /* Preview Assets.xcassets */; };
		8490EF662C1204EC00E6C8E6 /* weatherData.json in Resources */ = {isa = PBXBuildFile; fileRef = 8490EF652C1204EC00E6C8E6 /* weatherData.json */; };
		8490EF682C1204F500E6C8E6 /* DateViewModel.swift in Sources */ = {isa = PBXBuildFile; fileRef = 8490EF672C1204F500E6C8E6 /* DateViewModel.swift */; };
		8490EF6A2C1204FA00E6C8E6 /* LocationManager.swift in Sources */ = {isa = PBXBuildFile; fileRef = 8490EF692C1204FA00E6C8E6 /* LocationManager.swift */; };
		8490EF6C2C12050000E6C8E6 /* timeConvert.swift in Sources */ = {isa = PBXBuildFile; fileRef = 8490EF6B2C12050000E6C8E6 /* timeConvert.swift */; };
		8490EF6E2C12050E00E6C8E6 /* WeatherManager.swift in Sources */ = {isa = PBXBuildFile; fileRef = 8490EF6D2C12050E00E6C8E6 /* WeatherManager.swift */; };
		84C2648F2C10C99800FDFB10 /* weather_appApp.swift in Sources */ = {isa = PBXBuildFile; fileRef = 84C2648E2C10C99800FDFB10 /* weather_appApp.swift */; };
		84C264962C10C99A00FDFB10 /* Preview Assets.xcassets in Resources */ = {isa = PBXBuildFile; fileRef = 84C264952C10C99A00FDFB10 /* Preview Assets.xcassets */; };
		84C264A02C10C99B00FDFB10 /* weather_appTests.swift in Sources */ = {isa = PBXBuildFile; fileRef = 84C2649F2C10C99B00FDFB10 /* weather_appTests.swift */; };
		84C264AA2C10C99B00FDFB10 /* weather_appUITests.swift in Sources */ = {isa = PBXBuildFile; fileRef = 84C264A92C10C99B00FDFB10 /* weather_appUITests.swift */; };
		84C264AC2C10C99B00FDFB10 /* weather_appUITestsLaunchTests.swift in Sources */ = {isa = PBXBuildFile; fileRef = 84C264AB2C10C99B00FDFB10 /* weather_appUITestsLaunchTests.swift */; };
/* End PBXBuildFile section */

/* Begin PBXContainerItemProxy section */
		84C2649C2C10C99B00FDFB10 /* PBXContainerItemProxy */ = {
			isa = PBXContainerItemProxy;
			containerPortal = 84C264832C10C99800FDFB10 /* Project object */;
			proxyType = 1;
			remoteGlobalIDString = 84C2648A2C10C99800FDFB10;
			remoteInfo = weather_app;
		};
		84C264A62C10C99B00FDFB10 /* PBXContainerItemProxy */ = {
			isa = PBXContainerItemProxy;
			containerPortal = 84C264832C10C99800FDFB10 /* Project object */;
			proxyType = 1;
			remoteGlobalIDString = 84C2648A2C10C99800FDFB10;
			remoteInfo = weather_app;
		};
/* End PBXContainerItemProxy section */

/* Begin PBXFileReference section */
		8490EF442C11F9BD00E6C8E6 /* Weather.entitlements */ = {isa = PBXFileReference; lastKnownFileType = text.plist.entitlements; name = Weather.entitlements; path = ../../../Downloads/Zuzanna_Radosz_Kamil_Rojek_Rafa_Ochorok_projekt2/Weather/Weather/Weather/Weather.entitlements; sourceTree = "<group>"; };
		8490EF452C11F9CD00E6C8E6 /* Extensions.swift */ = {isa = PBXFileReference; fileEncoding = 4; lastKnownFileType = sourcecode.swift; name = Extensions.swift; path = ../../../Downloads/Zuzanna_Radosz_Kamil_Rojek_Rafa_Ochorok_projekt2/Weather/Weather/Weather/Extensions.swift; sourceTree = "<group>"; };
		8490EF4F2C11F9F100E6C8E6 /* Assets.xcassets */ = {isa = PBXFileReference; lastKnownFileType = folder.assetcatalog; name = Assets.xcassets; path = ../../../Downloads/Zuzanna_Radosz_Kamil_Rojek_Rafa_Ochorok_projekt2/Weather/Weather/Weather/Assets.xcassets; sourceTree = "<group>"; };
		8490EF532C12048D00E6C8E6 /* ContentView.swift */ = {isa = PBXFileReference; fileEncoding = 4; lastKnownFileType = sourcecode.swift; name = ContentView.swift; path = ../../../Downloads/Zuzanna_Radosz_Kamil_Rojek_Rafa_Ochorok_projekt2/Weather/Weather/Weather/Views/ContentView.swift; sourceTree = "<group>"; };
		8490EF552C12049200E6C8E6 /* ElderlyView.swift */ = {isa = PBXFileReference; fileEncoding = 4; lastKnownFileType = sourcecode.swift; name = ElderlyView.swift; path = ../../../Downloads/Zuzanna_Radosz_Kamil_Rojek_Rafa_Ochorok_projekt2/Weather/Weather/Weather/Views/ElderlyView.swift; sourceTree = "<group>"; };
		8490EF572C12049700E6C8E6 /* LoadingView.swift */ = {isa = PBXFileReference; fileEncoding = 4; lastKnownFileType = sourcecode.swift; name = LoadingView.swift; path = ../../../Downloads/Zuzanna_Radosz_Kamil_Rojek_Rafa_Ochorok_projekt2/Weather/Weather/Weather/Views/LoadingView.swift; sourceTree = "<group>"; };
		8490EF592C12049E00E6C8E6 /* WeatherView.swift */ = {isa = PBXFileReference; fileEncoding = 4; lastKnownFileType = sourcecode.swift; name = WeatherView.swift; path = ../../../Downloads/Zuzanna_Radosz_Kamil_Rojek_Rafa_Ochorok_projekt2/Weather/Weather/Weather/Views/WeatherView.swift; sourceTree = "<group>"; };
		8490EF5B2C1204A400E6C8E6 /* WelcomeView.swift */ = {isa = PBXFileReference; fileEncoding = 4; lastKnownFileType = sourcecode.swift; name = WelcomeView.swift; path = ../../../Downloads/Zuzanna_Radosz_Kamil_Rojek_Rafa_Ochorok_projekt2/Weather/Weather/Weather/Views/WelcomeView.swift; sourceTree = "<group>"; };
		8490EF5D2C1204CC00E6C8E6 /* WeatherElderlyRow.swift */ = {isa = PBXFileReference; fileEncoding = 4; lastKnownFileType = sourcecode.swift; name = WeatherElderlyRow.swift; path = ../../../Downloads/Zuzanna_Radosz_Kamil_Rojek_Rafa_Ochorok_projekt2/Weather/Weather/Weather/Components/WeatherElderlyRow.swift; sourceTree = "<group>"; };
		8490EF5F2C1204D200E6C8E6 /* WeatherRow.swift */ = {isa = PBXFileReference; fileEncoding = 4; lastKnownFileType = sourcecode.swift; name = WeatherRow.swift; path = ../../../Downloads/Zuzanna_Radosz_Kamil_Rojek_Rafa_Ochorok_projekt2/Weather/Weather/Weather/Components/WeatherRow.swift; sourceTree = "<group>"; };
		8490EF612C1204DF00E6C8E6 /* ModelData.swift */ = {isa = PBXFileReference; fileEncoding = 4; lastKnownFileType = sourcecode.swift; name = ModelData.swift; path = "../../../Downloads/Zuzanna_Radosz_Kamil_Rojek_Rafa_Ochorok_projekt2/Weather/Weather/Weather/Preview Content/ModelData.swift"; sourceTree = "<group>"; };
		8490EF632C1204E500E6C8E6 /* Preview Assets.xcassets */ = {isa = PBXFileReference; lastKnownFileType = folder.assetcatalog; name = "Preview Assets.xcassets"; path = "../../../Downloads/Zuzanna_Radosz_Kamil_Rojek_Rafa_Ochorok_projekt2/Weather/Weather/Weather/Preview Content/Preview Assets.xcassets"; sourceTree = "<group>"; };
		8490EF652C1204EC00E6C8E6 /* weatherData.json */ = {isa = PBXFileReference; fileEncoding = 4; lastKnownFileType = text.json; name = weatherData.json; path = "../../../Downloads/Zuzanna_Radosz_Kamil_Rojek_Rafa_Ochorok_projekt2/Weather/Weather/Weather/Preview Content/weatherData.json"; sourceTree = "<group>"; };
		8490EF672C1204F500E6C8E6 /* DateViewModel.swift */ = {isa = PBXFileReference; fileEncoding = 4; lastKnownFileType = sourcecode.swift; name = DateViewModel.swift; path = ../../../Downloads/Zuzanna_Radosz_Kamil_Rojek_Rafa_Ochorok_projekt2/Weather/Weather/Weather/Managers/DateViewModel.swift; sourceTree = "<group>"; };
		8490EF692C1204FA00E6C8E6 /* LocationManager.swift */ = {isa = PBXFileReference; fileEncoding = 4; lastKnownFileType = sourcecode.swift; name = LocationManager.swift; path = ../../../Downloads/Zuzanna_Radosz_Kamil_Rojek_Rafa_Ochorok_projekt2/Weather/Weather/Weather/Managers/LocationManager.swift; sourceTree = "<group>"; };
		8490EF6B2C12050000E6C8E6 /* timeConvert.swift */ = {isa = PBXFileReference; fileEncoding = 4; lastKnownFileType = sourcecode.swift; name = timeConvert.swift; path = ../../../Downloads/Zuzanna_Radosz_Kamil_Rojek_Rafa_Ochorok_projekt2/Weather/Weather/Weather/Managers/timeConvert.swift; sourceTree = "<group>"; };
		8490EF6D2C12050E00E6C8E6 /* WeatherManager.swift */ = {isa = PBXFileReference; fileEncoding = 4; lastKnownFileType = sourcecode.swift; name = WeatherManager.swift; path = ../../../Downloads/Zuzanna_Radosz_Kamil_Rojek_Rafa_Ochorok_projekt2/Weather/Weather/Weather/Managers/WeatherManager.swift; sourceTree = "<group>"; };
		84C2648B2C10C99800FDFB10 /* weather_app.app */ = {isa = PBXFileReference; explicitFileType = wrapper.application; includeInIndex = 0; path = weather_app.app; sourceTree = BUILT_PRODUCTS_DIR; };
		84C2648E2C10C99800FDFB10 /* weather_appApp.swift */ = {isa = PBXFileReference; lastKnownFileType = sourcecode.swift; path = weather_appApp.swift; sourceTree = "<group>"; };
		84C264952C10C99A00FDFB10 /* Preview Assets.xcassets */ = {isa = PBXFileReference; lastKnownFileType = folder.assetcatalog; path = "Preview Assets.xcassets"; sourceTree = "<group>"; };
		84C2649B2C10C99B00FDFB10 /* weather_appTests.xctest */ = {isa = PBXFileReference; explicitFileType = wrapper.cfbundle; includeInIndex = 0; path = weather_appTests.xctest; sourceTree = BUILT_PRODUCTS_DIR; };
		84C2649F2C10C99B00FDFB10 /* weather_appTests.swift */ = {isa = PBXFileReference; lastKnownFileType = sourcecode.swift; path = weather_appTests.swift; sourceTree = "<group>"; };
		84C264A52C10C99B00FDFB10 /* weather_appUITests.xctest */ = {isa = PBXFileReference; explicitFileType = wrapper.cfbundle; includeInIndex = 0; path = weather_appUITests.xctest; sourceTree = BUILT_PRODUCTS_DIR; };
		84C264A92C10C99B00FDFB10 /* weather_appUITests.swift */ = {isa = PBXFileReference; lastKnownFileType = sourcecode.swift; path = weather_appUITests.swift; sourceTree = "<group>"; };
		84C264AB2C10C99B00FDFB10 /* weather_appUITestsLaunchTests.swift */ = {isa = PBXFileReference; lastKnownFileType = sourcecode.swift; path = weather_appUITestsLaunchTests.swift; sourceTree = "<group>"; };
/* End PBXFileReference section */

/* Begin PBXFrameworksBuildPhase section */
		84C264882C10C99800FDFB10 /* Frameworks */ = {
			isa = PBXFrameworksBuildPhase;
			buildActionMask = 2147483647;
			files = (
			);
			runOnlyForDeploymentPostprocessing = 0;
		};
		84C264982C10C99B00FDFB10 /* Frameworks */ = {
			isa = PBXFrameworksBuildPhase;
			buildActionMask = 2147483647;
			files = (
			);
			runOnlyForDeploymentPostprocessing = 0;
		};
		84C264A22C10C99B00FDFB10 /* Frameworks */ = {
			isa = PBXFrameworksBuildPhase;
			buildActionMask = 2147483647;
			files = (
			);
			runOnlyForDeploymentPostprocessing = 0;
		};
/* End PBXFrameworksBuildPhase section */

/* Begin PBXGroup section */
		84C264822C10C99800FDFB10 = {
			isa = PBXGroup;
			children = (
				84C2648D2C10C99800FDFB10 /* weather_app */,
				84C2649E2C10C99B00FDFB10 /* weather_appTests */,
				84C264A82C10C99B00FDFB10 /* weather_appUITests */,
				84C2648C2C10C99800FDFB10 /* Products */,
			);
			sourceTree = "<group>";
		};
		84C2648C2C10C99800FDFB10 /* Products */ = {
			isa = PBXGroup;
			children = (
				84C2648B2C10C99800FDFB10 /* weather_app.app */,
				84C2649B2C10C99B00FDFB10 /* weather_appTests.xctest */,
				84C264A52C10C99B00FDFB10 /* weather_appUITests.xctest */,
			);
			name = Products;
			sourceTree = "<group>";
		};
		84C2648D2C10C99800FDFB10 /* weather_app */ = {
			isa = PBXGroup;
			children = (
				8490EF5D2C1204CC00E6C8E6 /* WeatherElderlyRow.swift */,
				8490EF5F2C1204D200E6C8E6 /* WeatherRow.swift */,
				8490EF5B2C1204A400E6C8E6 /* WelcomeView.swift */,
				8490EF592C12049E00E6C8E6 /* WeatherView.swift */,
				8490EF572C12049700E6C8E6 /* LoadingView.swift */,
				8490EF552C12049200E6C8E6 /* ElderlyView.swift */,
				8490EF532C12048D00E6C8E6 /* ContentView.swift */,
				8490EF612C1204DF00E6C8E6 /* ModelData.swift */,
				8490EF632C1204E500E6C8E6 /* Preview Assets.xcassets */,
				8490EF652C1204EC00E6C8E6 /* weatherData.json */,
				8490EF672C1204F500E6C8E6 /* DateViewModel.swift */,
				8490EF692C1204FA00E6C8E6 /* LocationManager.swift */,
				8490EF6B2C12050000E6C8E6 /* timeConvert.swift */,
				8490EF6D2C12050E00E6C8E6 /* WeatherManager.swift */,
				8490EF4F2C11F9F100E6C8E6 /* Assets.xcassets */,
				8490EF452C11F9CD00E6C8E6 /* Extensions.swift */,
				8490EF442C11F9BD00E6C8E6 /* Weather.entitlements */,
				84C2648E2C10C99800FDFB10 /* weather_appApp.swift */,
				84C264942C10C99A00FDFB10 /* Preview Content */,
			);
			path = weather_app;
			sourceTree = "<group>";
		};
		84C264942C10C99A00FDFB10 /* Preview Content */ = {
			isa = PBXGroup;
			children = (
				84C264952C10C99A00FDFB10 /* Preview Assets.xcassets */,
			);
			path = "Preview Content";
			sourceTree = "<group>";
		};
		84C2649E2C10C99B00FDFB10 /* weather_appTests */ = {
			isa = PBXGroup;
			children = (
				84C2649F2C10C99B00FDFB10 /* weather_appTests.swift */,
			);
			path = weather_appTests;
			sourceTree = "<group>";
		};
		84C264A82C10C99B00FDFB10 /* weather_appUITests */ = {
			isa = PBXGroup;
			children = (
				84C264A92C10C99B00FDFB10 /* weather_appUITests.swift */,
				84C264AB2C10C99B00FDFB10 /* weather_appUITestsLaunchTests.swift */,
			);
			path = weather_appUITests;
			sourceTree = "<group>";
		};
/* End PBXGroup section */

/* Begin PBXNativeTarget section */
		84C2648A2C10C99800FDFB10 /* weather_app */ = {
			isa = PBXNativeTarget;
			buildConfigurationList = 84C264AF2C10C99B00FDFB10 /* Build configuration list for PBXNativeTarget "weather_app" */;
			buildPhases = (
				84C264872C10C99800FDFB10 /* Sources */,
				84C264882C10C99800FDFB10 /* Frameworks */,
				84C264892C10C99800FDFB10 /* Resources */,
			);
			buildRules = (
			);
			dependencies = (
			);
			name = weather_app;
			productName = weather_app;
			productReference = 84C2648B2C10C99800FDFB10 /* weather_app.app */;
			productType = "com.apple.product-type.application";
		};
		84C2649A2C10C99B00FDFB10 /* weather_appTests */ = {
			isa = PBXNativeTarget;
			buildConfigurationList = 84C264B22C10C99B00FDFB10 /* Build configuration list for PBXNativeTarget "weather_appTests" */;
			buildPhases = (
				84C264972C10C99B00FDFB10 /* Sources */,
				84C264982C10C99B00FDFB10 /* Frameworks */,
				84C264992C10C99B00FDFB10 /* Resources */,
			);
			buildRules = (
			);
			dependencies = (
				84C2649D2C10C99B00FDFB10 /* PBXTargetDependency */,
			);
			name = weather_appTests;
			productName = weather_appTests;
			productReference = 84C2649B2C10C99B00FDFB10 /* weather_appTests.xctest */;
			productType = "com.apple.product-type.bundle.unit-test";
		};
		84C264A42C10C99B00FDFB10 /* weather_appUITests */ = {
			isa = PBXNativeTarget;
			buildConfigurationList = 84C264B52C10C99B00FDFB10 /* Build configuration list for PBXNativeTarget "weather_appUITests" */;
			buildPhases = (
				84C264A12C10C99B00FDFB10 /* Sources */,
				84C264A22C10C99B00FDFB10 /* Frameworks */,
				84C264A32C10C99B00FDFB10 /* Resources */,
			);
			buildRules = (
			);
			dependencies = (
				84C264A72C10C99B00FDFB10 /* PBXTargetDependency */,
			);
			name = weather_appUITests;
			productName = weather_appUITests;
			productReference = 84C264A52C10C99B00FDFB10 /* weather_appUITests.xctest */;
			productType = "com.apple.product-type.bundle.ui-testing";
		};
/* End PBXNativeTarget section */

/* Begin PBXProject section */
		84C264832C10C99800FDFB10 /* Project object */ = {
			isa = PBXProject;
			attributes = {
				BuildIndependentTargetsInParallel = 1;
				LastSwiftUpdateCheck = 1420;
				LastUpgradeCheck = 1420;
				TargetAttributes = {
					84C2648A2C10C99800FDFB10 = {
						CreatedOnToolsVersion = 14.2;
					};
					84C2649A2C10C99B00FDFB10 = {
						CreatedOnToolsVersion = 14.2;
						TestTargetID = 84C2648A2C10C99800FDFB10;
					};
					84C264A42C10C99B00FDFB10 = {
						CreatedOnToolsVersion = 14.2;
						TestTargetID = 84C2648A2C10C99800FDFB10;
					};
				};
			};
			buildConfigurationList = 84C264862C10C99800FDFB10 /* Build configuration list for PBXProject "weather_app" */;
			compatibilityVersion = "Xcode 14.0";
			developmentRegion = en;
			hasScannedForEncodings = 0;
			knownRegions = (
				en,
				Base,
			);
			mainGroup = 84C264822C10C99800FDFB10;
			productRefGroup = 84C2648C2C10C99800FDFB10 /* Products */;
			projectDirPath = "";
			projectRoot = "";
			targets = (
				84C2648A2C10C99800FDFB10 /* weather_app */,
				84C2649A2C10C99B00FDFB10 /* weather_appTests */,
				84C264A42C10C99B00FDFB10 /* weather_appUITests */,
			);
		};
/* End PBXProject section */

/* Begin PBXResourcesBuildPhase section */
		84C264892C10C99800FDFB10 /* Resources */ = {
			isa = PBXResourcesBuildPhase;
			buildActionMask = 2147483647;
			files = (
				8490EF662C1204EC00E6C8E6 /* weatherData.json in Resources */,
				8490EF642C1204E500E6C8E6 /* Preview Assets.xcassets in Resources */,
				84C264962C10C99A00FDFB10 /* Preview Assets.xcassets in Resources */,
				8490EF502C11F9F200E6C8E6 /* Assets.xcassets in Resources */,
			);
			runOnlyForDeploymentPostprocessing = 0;
		};
		84C264992C10C99B00FDFB10 /* Resources */ = {
			isa = PBXResourcesBuildPhase;
			buildActionMask = 2147483647;
			files = (
			);
			runOnlyForDeploymentPostprocessing = 0;
		};
		84C264A32C10C99B00FDFB10 /* Resources */ = {
			isa = PBXResourcesBuildPhase;
			buildActionMask = 2147483647;
			files = (
			);
			runOnlyForDeploymentPostprocessing = 0;
		};
/* End PBXResourcesBuildPhase section */

/* Begin PBXSourcesBuildPhase section */
		84C264872C10C99800FDFB10 /* Sources */ = {
			isa = PBXSourcesBuildPhase;
			buildActionMask = 2147483647;
			files = (
				8490EF682C1204F500E6C8E6 /* DateViewModel.swift in Sources */,
				8490EF462C11F9CE00E6C8E6 /* Extensions.swift in Sources */,
				8490EF542C12048D00E6C8E6 /* ContentView.swift in Sources */,
				8490EF6C2C12050000E6C8E6 /* timeConvert.swift in Sources */,
				8490EF5C2C1204A400E6C8E6 /* WelcomeView.swift in Sources */,
				8490EF562C12049200E6C8E6 /* ElderlyView.swift in Sources */,
				8490EF602C1204D200E6C8E6 /* WeatherRow.swift in Sources */,
				84C2648F2C10C99800FDFB10 /* weather_appApp.swift in Sources */,
				8490EF622C1204DF00E6C8E6 /* ModelData.swift in Sources */,
				8490EF5A2C12049E00E6C8E6 /* WeatherView.swift in Sources */,
				8490EF5E2C1204CC00E6C8E6 /* WeatherElderlyRow.swift in Sources */,
				8490EF6E2C12050E00E6C8E6 /* WeatherManager.swift in Sources */,
				8490EF582C12049700E6C8E6 /* LoadingView.swift in Sources */,
				8490EF6A2C1204FA00E6C8E6 /* LocationManager.swift in Sources */,
			);
			runOnlyForDeploymentPostprocessing = 0;
		};
		84C264972C10C99B00FDFB10 /* Sources */ = {
			isa = PBXSourcesBuildPhase;
			buildActionMask = 2147483647;
			files = (
				84C264A02C10C99B00FDFB10 /* weather_appTests.swift in Sources */,
			);
			runOnlyForDeploymentPostprocessing = 0;
		};
		84C264A12C10C99B00FDFB10 /* Sources */ = {
			isa = PBXSourcesBuildPhase;
			buildActionMask = 2147483647;
			files = (
				84C264AA2C10C99B00FDFB10 /* weather_appUITests.swift in Sources */,
				84C264AC2C10C99B00FDFB10 /* weather_appUITestsLaunchTests.swift in Sources */,
			);
			runOnlyForDeploymentPostprocessing = 0;
		};
/* End PBXSourcesBuildPhase section */

/* Begin PBXTargetDependency section */
		84C2649D2C10C99B00FDFB10 /* PBXTargetDependency */ = {
			isa = PBXTargetDependency;
			target = 84C2648A2C10C99800FDFB10 /* weather_app */;
			targetProxy = 84C2649C2C10C99B00FDFB10 /* PBXContainerItemProxy */;
		};
		84C264A72C10C99B00FDFB10 /* PBXTargetDependency */ = {
			isa = PBXTargetDependency;
			target = 84C2648A2C10C99800FDFB10 /* weather_app */;
			targetProxy = 84C264A62C10C99B00FDFB10 /* PBXContainerItemProxy */;
		};
/* End PBXTargetDependency section */

/* Begin XCBuildConfiguration section */
		84C264AD2C10C99B00FDFB10 /* Debug */ = {
			isa = XCBuildConfiguration;
			buildSettings = {
				ALWAYS_SEARCH_USER_PATHS = NO;
				CLANG_ANALYZER_NONNULL = YES;
				CLANG_ANALYZER_NUMBER_OBJECT_CONVERSION = YES_AGGRESSIVE;
				CLANG_CXX_LANGUAGE_STANDARD = "gnu++20";
				CLANG_ENABLE_MODULES = YES;
				CLANG_ENABLE_OBJC_ARC = YES;
				CLANG_ENABLE_OBJC_WEAK = YES;
				CLANG_WARN_BLOCK_CAPTURE_AUTORELEASING = YES;
				CLANG_WARN_BOOL_CONVERSION = YES;
				CLANG_WARN_COMMA = YES;
				CLANG_WARN_CONSTANT_CONVERSION = YES;
				CLANG_WARN_DEPRECATED_OBJC_IMPLEMENTATIONS = YES;
				CLANG_WARN_DIRECT_OBJC_ISA_USAGE = YES_ERROR;
				CLANG_WARN_DOCUMENTATION_COMMENTS = YES;
				CLANG_WARN_EMPTY_BODY = YES;
				CLANG_WARN_ENUM_CONVERSION = YES;
				CLANG_WARN_INFINITE_RECURSION = YES;
				CLANG_WARN_INT_CONVERSION = YES;
				CLANG_WARN_NON_LITERAL_NULL_CONVERSION = YES;
				CLANG_WARN_OBJC_IMPLICIT_RETAIN_SELF = YES;
				CLANG_WARN_OBJC_LITERAL_CONVERSION = YES;
				CLANG_WARN_OBJC_ROOT_CLASS = YES_ERROR;
				CLANG_WARN_QUOTED_INCLUDE_IN_FRAMEWORK_HEADER = YES;
				CLANG_WARN_RANGE_LOOP_ANALYSIS = YES;
				CLANG_WARN_STRICT_PROTOTYPES = YES;
				CLANG_WARN_SUSPICIOUS_MOVE = YES;
				CLANG_WARN_UNGUARDED_AVAILABILITY = YES_AGGRESSIVE;
				CLANG_WARN_UNREACHABLE_CODE = YES;
				CLANG_WARN__DUPLICATE_METHOD_MATCH = YES;
				COPY_PHASE_STRIP = NO;
				DEBUG_INFORMATION_FORMAT = dwarf;
				ENABLE_STRICT_OBJC_MSGSEND = YES;
				ENABLE_TESTABILITY = YES;
				GCC_C_LANGUAGE_STANDARD = gnu11;
				GCC_DYNAMIC_NO_PIC = NO;
				GCC_NO_COMMON_BLOCKS = YES;
				GCC_OPTIMIZATION_LEVEL = 0;
				GCC_PREPROCESSOR_DEFINITIONS = (
					"DEBUG=1",
					"$(inherited)",
				);
				GCC_WARN_64_TO_32_BIT_CONVERSION = YES;
				GCC_WARN_ABOUT_RETURN_TYPE = YES_ERROR;
				GCC_WARN_UNDECLARED_SELECTOR = YES;
				GCC_WARN_UNINITIALIZED_AUTOS = YES_AGGRESSIVE;
				GCC_WARN_UNUSED_FUNCTION = YES;
				GCC_WARN_UNUSED_VARIABLE = YES;
				IPHONEOS_DEPLOYMENT_TARGET = 16.2;
				MTL_ENABLE_DEBUG_INFO = INCLUDE_SOURCE;
				MTL_FAST_MATH = YES;
				ONLY_ACTIVE_ARCH = YES;
				SDKROOT = iphoneos;
				SWIFT_ACTIVE_COMPILATION_CONDITIONS = DEBUG;
				SWIFT_OPTIMIZATION_LEVEL = "-Onone";
			};
			name = Debug;
		};
		84C264AE2C10C99B00FDFB10 /* Release */ = {
			isa = XCBuildConfiguration;
			buildSettings = {
				ALWAYS_SEARCH_USER_PATHS = NO;
				CLANG_ANALYZER_NONNULL = YES;
				CLANG_ANALYZER_NUMBER_OBJECT_CONVERSION = YES_AGGRESSIVE;
				CLANG_CXX_LANGUAGE_STANDARD = "gnu++20";
				CLANG_ENABLE_MODULES = YES;
				CLANG_ENABLE_OBJC_ARC = YES;
				CLANG_ENABLE_OBJC_WEAK = YES;
				CLANG_WARN_BLOCK_CAPTURE_AUTORELEASING = YES;
				CLANG_WARN_BOOL_CONVERSION = YES;
				CLANG_WARN_COMMA = YES;
				CLANG_WARN_CONSTANT_CONVERSION = YES;
				CLANG_WARN_DEPRECATED_OBJC_IMPLEMENTATIONS = YES;
				CLANG_WARN_DIRECT_OBJC_ISA_USAGE = YES_ERROR;
				CLANG_WARN_DOCUMENTATION_COMMENTS = YES;
				CLANG_WARN_EMPTY_BODY = YES;
				CLANG_WARN_ENUM_CONVERSION = YES;
				CLANG_WARN_INFINITE_RECURSION = YES;
				CLANG_WARN_INT_CONVERSION = YES;
				CLANG_WARN_NON_LITERAL_NULL_CONVERSION = YES;
				CLANG_WARN_OBJC_IMPLICIT_RETAIN_SELF = YES;
				CLANG_WARN_OBJC_LITERAL_CONVERSION = YES;
				CLANG_WARN_OBJC_ROOT_CLASS = YES_ERROR;
				CLANG_WARN_QUOTED_INCLUDE_IN_FRAMEWORK_HEADER = YES;
				CLANG_WARN_RANGE_LOOP_ANALYSIS = YES;
				CLANG_WARN_STRICT_PROTOTYPES = YES;
				CLANG_WARN_SUSPICIOUS_MOVE = YES;
				CLANG_WARN_UNGUARDED_AVAILABILITY = YES_AGGRESSIVE;
				CLANG_WARN_UNREACHABLE_CODE = YES;
				CLANG_WARN__DUPLICATE_METHOD_MATCH = YES;
				COPY_PHASE_STRIP = NO;
				DEBUG_INFORMATION_FORMAT = "dwarf-with-dsym";
				ENABLE_NS_ASSERTIONS = NO;
				ENABLE_STRICT_OBJC_MSGSEND = YES;
				GCC_C_LANGUAGE_STANDARD = gnu11;
				GCC_NO_COMMON_BLOCKS = YES;
				GCC_WARN_64_TO_32_BIT_CONVERSION = YES;
				GCC_WARN_ABOUT_RETURN_TYPE = YES_ERROR;
				GCC_WARN_UNDECLARED_SELECTOR = YES;
				GCC_WARN_UNINITIALIZED_AUTOS = YES_AGGRESSIVE;
				GCC_WARN_UNUSED_FUNCTION = YES;
				GCC_WARN_UNUSED_VARIABLE = YES;
				IPHONEOS_DEPLOYMENT_TARGET = 16.2;
				MTL_ENABLE_DEBUG_INFO = NO;
				MTL_FAST_MATH = YES;
				SDKROOT = iphoneos;
				SWIFT_COMPILATION_MODE = wholemodule;
				SWIFT_OPTIMIZATION_LEVEL = "-O";
				VALIDATE_PRODUCT = YES;
			};
			name = Release;
		};
		84C264B02C10C99B00FDFB10 /* Debug */ = {
			isa = XCBuildConfiguration;
			buildSettings = {
				ASSETCATALOG_COMPILER_APPICON_NAME = AppIcon;
				ASSETCATALOG_COMPILER_GLOBAL_ACCENT_COLOR_NAME = AccentColor;
				CODE_SIGN_STYLE = Automatic;
				CURRENT_PROJECT_VERSION = 1;
				DEVELOPMENT_ASSET_PATHS = "\"weather_app/Preview Content\"";
				ENABLE_PREVIEWS = YES;
				GENERATE_INFOPLIST_FILE = YES;
				INFOPLIST_KEY_UIApplicationSceneManifest_Generation = YES;
				INFOPLIST_KEY_UIApplicationSupportsIndirectInputEvents = YES;
				INFOPLIST_KEY_UILaunchScreen_Generation = YES;
				INFOPLIST_KEY_UISupportedInterfaceOrientations_iPad = "UIInterfaceOrientationPortrait UIInterfaceOrientationPortraitUpsideDown UIInterfaceOrientationLandscapeLeft UIInterfaceOrientationLandscapeRight";
				INFOPLIST_KEY_UISupportedInterfaceOrientations_iPhone = "UIInterfaceOrientationPortrait UIInterfaceOrientationLandscapeLeft UIInterfaceOrientationLandscapeRight";
				LD_RUNPATH_SEARCH_PATHS = (
					"$(inherited)",
					"@executable_path/Frameworks",
				);
				MARKETING_VERSION = 1.0;
				PRODUCT_BUNDLE_IDENTIFIER = "projects.weather-app";
				PRODUCT_NAME = "$(TARGET_NAME)";
				SWIFT_EMIT_LOC_STRINGS = YES;
				SWIFT_VERSION = 5.0;
				TARGETED_DEVICE_FAMILY = "1,2";
			};
			name = Debug;
		};
		84C264B12C10C99B00FDFB10 /* Release */ = {
			isa = XCBuildConfiguration;
			buildSettings = {
				ASSETCATALOG_COMPILER_APPICON_NAME = AppIcon;
				ASSETCATALOG_COMPILER_GLOBAL_ACCENT_COLOR_NAME = AccentColor;
				CODE_SIGN_STYLE = Automatic;
				CURRENT_PROJECT_VERSION = 1;
				DEVELOPMENT_ASSET_PATHS = "\"weather_app/Preview Content\"";
				ENABLE_PREVIEWS = YES;
				GENERATE_INFOPLIST_FILE = YES;
				INFOPLIST_KEY_UIApplicationSceneManifest_Generation = YES;
				INFOPLIST_KEY_UIApplicationSupportsIndirectInputEvents = YES;
				INFOPLIST_KEY_UILaunchScreen_Generation = YES;
				INFOPLIST_KEY_UISupportedInterfaceOrientations_iPad = "UIInterfaceOrientationPortrait UIInterfaceOrientationPortraitUpsideDown UIInterfaceOrientationLandscapeLeft UIInterfaceOrientationLandscapeRight";
				INFOPLIST_KEY_UISupportedInterfaceOrientations_iPhone = "UIInterfaceOrientationPortrait UIInterfaceOrientationLandscapeLeft UIInterfaceOrientationLandscapeRight";
				LD_RUNPATH_SEARCH_PATHS = (
					"$(inherited)",
					"@executable_path/Frameworks",
				);
				MARKETING_VERSION = 1.0;
				PRODUCT_BUNDLE_IDENTIFIER = "projects.weather-app";
				PRODUCT_NAME = "$(TARGET_NAME)";
				SWIFT_EMIT_LOC_STRINGS = YES;
				SWIFT_VERSION = 5.0;
				TARGETED_DEVICE_FAMILY = "1,2";
			};
			name = Release;
		};
		84C264B32C10C99B00FDFB10 /* Debug */ = {
			isa = XCBuildConfiguration;
			buildSettings = {
				ALWAYS_EMBED_SWIFT_STANDARD_LIBRARIES = YES;
				BUNDLE_LOADER = "$(TEST_HOST)";
				CODE_SIGN_STYLE = Automatic;
				CURRENT_PROJECT_VERSION = 1;
				GENERATE_INFOPLIST_FILE = YES;
				IPHONEOS_DEPLOYMENT_TARGET = 16.2;
				MARKETING_VERSION = 1.0;
				PRODUCT_BUNDLE_IDENTIFIER = "projects.weather-appTests";
				PRODUCT_NAME = "$(TARGET_NAME)";
				SWIFT_EMIT_LOC_STRINGS = NO;
				SWIFT_VERSION = 5.0;
				TARGETED_DEVICE_FAMILY = "1,2";
				TEST_HOST = "$(BUILT_PRODUCTS_DIR)/weather_app.app/$(BUNDLE_EXECUTABLE_FOLDER_PATH)/weather_app";
			};
			name = Debug;
		};
		84C264B42C10C99B00FDFB10 /* Release */ = {
			isa = XCBuildConfiguration;
			buildSettings = {
				ALWAYS_EMBED_SWIFT_STANDARD_LIBRARIES = YES;
				BUNDLE_LOADER = "$(TEST_HOST)";
				CODE_SIGN_STYLE = Automatic;
				CURRENT_PROJECT_VERSION = 1;
				GENERATE_INFOPLIST_FILE = YES;
				IPHONEOS_DEPLOYMENT_TARGET = 16.2;
				MARKETING_VERSION = 1.0;
				PRODUCT_BUNDLE_IDENTIFIER = "projects.weather-appTests";
				PRODUCT_NAME = "$(TARGET_NAME)";
				SWIFT_EMIT_LOC_STRINGS = NO;
				SWIFT_VERSION = 5.0;
				TARGETED_DEVICE_FAMILY = "1,2";
				TEST_HOST = "$(BUILT_PRODUCTS_DIR)/weather_app.app/$(BUNDLE_EXECUTABLE_FOLDER_PATH)/weather_app";
			};
			name = Release;
		};
		84C264B62C10C99B00FDFB10 /* Debug */ = {
			isa = XCBuildConfiguration;
			buildSettings = {
				ALWAYS_EMBED_SWIFT_STANDARD_LIBRARIES = YES;
				CODE_SIGN_STYLE = Automatic;
				CURRENT_PROJECT_VERSION = 1;
				GENERATE_INFOPLIST_FILE = YES;
				MARKETING_VERSION = 1.0;
				PRODUCT_BUNDLE_IDENTIFIER = "projects.weather-appUITests";
				PRODUCT_NAME = "$(TARGET_NAME)";
				SWIFT_EMIT_LOC_STRINGS = NO;
				SWIFT_VERSION = 5.0;
				TARGETED_DEVICE_FAMILY = "1,2";
				TEST_TARGET_NAME = weather_app;
			};
			name = Debug;
		};
		84C264B72C10C99B00FDFB10 /* Release */ = {
			isa = XCBuildConfiguration;
			buildSettings = {
				ALWAYS_EMBED_SWIFT_STANDARD_LIBRARIES = YES;
				CODE_SIGN_STYLE = Automatic;
				CURRENT_PROJECT_VERSION = 1;
				GENERATE_INFOPLIST_FILE = YES;
				MARKETING_VERSION = 1.0;
				PRODUCT_BUNDLE_IDENTIFIER = "projects.weather-appUITests";
				PRODUCT_NAME = "$(TARGET_NAME)";
				SWIFT_EMIT_LOC_STRINGS = NO;
				SWIFT_VERSION = 5.0;
				TARGETED_DEVICE_FAMILY = "1,2";
				TEST_TARGET_NAME = weather_app;
			};
			name = Release;
		};
/* End XCBuildConfiguration section */

/* Begin XCConfigurationList section */
		84C264862C10C99800FDFB10 /* Build configuration list for PBXProject "weather_app" */ = {
			isa = XCConfigurationList;
			buildConfigurations = (
				84C264AD2C10C99B00FDFB10 /* Debug */,
				84C264AE2C10C99B00FDFB10 /* Release */,
			);
			defaultConfigurationIsVisible = 0;
			defaultConfigurationName = Release;
		};
		84C264AF2C10C99B00FDFB10 /* Build configuration list for PBXNativeTarget "weather_app" */ = {
			isa = XCConfigurationList;
			buildConfigurations = (
				84C264B02C10C99B00FDFB10 /* Debug */,
				84C264B12C10C99B00FDFB10 /* Release */,
			);
			defaultConfigurationIsVisible = 0;
			defaultConfigurationName = Release;
		};
		84C264B22C10C99B00FDFB10 /* Build configuration list for PBXNativeTarget "weather_appTests" */ = {
			isa = XCConfigurationList;
			buildConfigurations = (
				84C264B32C10C99B00FDFB10 /* Debug */,
				84C264B42C10C99B00FDFB10 /* Release */,
			);
			defaultConfigurationIsVisible = 0;
			defaultConfigurationName = Release;
		};
		84C264B52C10C99B00FDFB10 /* Build configuration list for PBXNativeTarget "weather_appUITests" */ = {
			isa = XCConfigurationList;
			buildConfigurations = (
				84C264B62C10C99B00FDFB10 /* Debug */,
				84C264B72C10C99B00FDFB10 /* Release */,
			);
			defaultConfigurationIsVisible = 0;
			defaultConfigurationName = Release;
		};
/* End XCConfigurationList section */
	};
	rootObject = 84C264832C10C99800FDFB10 /* Project object */;
}
